Microsoft Visual Studio Solution File, Format Version 12.00
# Visual Studio Version 17
VisualStudioVersion = 17.5.2.0
MinimumVisualStudioVersion = 10.0.40219.1
Project("{FAE04EC0-301F-11D3-BF4B-00C04F79EFBC}") = "TransportGame", "TransportGame.csproj", "{9FCCC06F-2511-D81D-34CA-896E3EAE0E55}"
EndProject
Global
	GlobalSection(SolutionConfigurationPlatforms) = preSolution
		Debug|Any CPU = Debug|Any CPU
		Release|Any CPU = Release|Any CPU
	EndGlobalSection
	GlobalSection(ProjectConfigurationPlatforms) = postSolution
		{9FCCC06F-2511-D81D-34CA-896E3EAE0E55}.Debug|Any CPU.ActiveCfg = Debug|Any CPU
		{9FCCC06F-2511-D81D-34CA-896E3EAE0E55}.Debug|Any CPU.Build.0 = Debug|Any CPU
		{9FCCC06F-2511-D81D-34CA-896E3EAE0E55}.Release|Any CPU.ActiveCfg = Release|Any CPU
		{9FCCC06F-2511-D81D-34CA-896E3EAE0E55}.Release|Any CPU.Build.0 = Release|Any CPU
	EndGlobalSection
	GlobalSection(SolutionProperties) = preSolution
		HideSolutionNode = FALSE
	EndGlobalSection
	GlobalSection(ExtensibilityGlobals) = postSolution
		SolutionGuid = {186E2F87-7EF9-49C1-B192-5EBECF7505CC}
	EndGlobalSection
EndGlobal
